// !$*UTF8*$!
{
	archiveVersion = 1;
	classes = {
	};
	objectVersion = 50;
	objects = {

/* Begin PBXBuildFile section */
		715B72B2253BEDDE00219F07 /* AppDelegate.swift in Sources */ = {isa = PBXBuildFile; fileRef = 715B72B1253BEDDE00219F07 /* AppDelegate.swift */; };
		715B72B4253BEDDE00219F07 /* SceneDelegate.swift in Sources */ = {isa = PBXBuildFile; fileRef = 715B72B3253BEDDE00219F07 /* SceneDelegate.swift */; };
		715B72B6253BEDDE00219F07 /* MainViewController.swift in Sources */ = {isa = PBXBuildFile; fileRef = 715B72B5253BEDDE00219F07 /* MainViewController.swift */; };
		715B72B9253BEDDE00219F07 /* Main.storyboard in Resources */ = {isa = PBXBuildFile; fileRef = 715B72B7253BEDDE00219F07 /* Main.storyboard */; };
		715B72BB253BEDE800219F07 /* Assets.xcassets in Resources */ = {isa = PBXBuildFile; fileRef = 715B72BA253BEDE800219F07 /* Assets.xcassets */; };
		715B72BE253BEDE800219F07 /* LaunchScreen.storyboard in Resources */ = {isa = PBXBuildFile; fileRef = 715B72BC253BEDE800219F07 /* LaunchScreen.storyboard */; };
		715B72C9253BEDE800219F07 /* PersonalKanbanTests.swift in Sources */ = {isa = PBXBuildFile; fileRef = 715B72C8253BEDE800219F07 /* PersonalKanbanTests.swift */; };
		715B72D4253BEDE800219F07 /* PersonalKanbanUITests.swift in Sources */ = {isa = PBXBuildFile; fileRef = 715B72D3253BEDE800219F07 /* PersonalKanbanUITests.swift */; };
/* End PBXBuildFile section */

/* Begin PBXContainerItemProxy section */
		715B72C5253BEDE800219F07 /* PBXContainerItemProxy */ = {
			isa = PBXContainerItemProxy;
			containerPortal = 715B72A6253BEDDD00219F07 /* Project object */;
			proxyType = 1;
			remoteGlobalIDString = 715B72AD253BEDDE00219F07;
			remoteInfo = PersonalKanban;
		};
		715B72D0253BEDE800219F07 /* PBXContainerItemProxy */ = {
			isa = PBXContainerItemProxy;
			containerPortal = 715B72A6253BEDDD00219F07 /* Project object */;
			proxyType = 1;
			remoteGlobalIDString = 715B72AD253BEDDE00219F07;
			remoteInfo = PersonalKanban;
		};
/* End PBXContainerItemProxy section */

/* Begin PBXFileReference section */
		715B72AE253BEDDE00219F07 /* PersonalKanban.app */ = {isa = PBXFileReference; explicitFileType = wrapper.application; includeInIndex = 0; path = PersonalKanban.app; sourceTree = BUILT_PRODUCTS_DIR; };
		715B72B1253BEDDE00219F07 /* AppDelegate.swift */ = {isa = PBXFileReference; lastKnownFileType = sourcecode.swift; path = AppDelegate.swift; sourceTree = "<group>"; };
		715B72B3253BEDDE00219F07 /* SceneDelegate.swift */ = {isa = PBXFileReference; lastKnownFileType = sourcecode.swift; path = SceneDelegate.swift; sourceTree = "<group>"; };
		715B72B5253BEDDE00219F07 /* MainViewController.swift */ = {isa = PBXFileReference; lastKnownFileType = sourcecode.swift; path = MainViewController.swift; sourceTree = "<group>"; };
		715B72B8253BEDDE00219F07 /* Base */ = {isa = PBXFileReference; lastKnownFileType = file.storyboard; name = Base; path = Base.lproj/Main.storyboard; sourceTree = "<group>"; };
		715B72BA253BEDE800219F07 /* Assets.xcassets */ = {isa = PBXFileReference; lastKnownFileType = folder.assetcatalog; path = Assets.xcassets; sourceTree = "<group>"; };
		715B72BD253BEDE800219F07 /* Base */ = {isa = PBXFileReference; lastKnownFileType = file.storyboard; name = Base; path = Base.lproj/LaunchScreen.storyboard; sourceTree = "<group>"; };
		715B72BF253BEDE800219F07 /* Info.plist */ = {isa = PBXFileReference; lastKnownFileType = text.plist.xml; path = Info.plist; sourceTree = "<group>"; };
		715B72C4253BEDE800219F07 /* PersonalKanbanTests.xctest */ = {isa = PBXFileReference; explicitFileType = wrapper.cfbundle; includeInIndex = 0; path = PersonalKanbanTests.xctest; sourceTree = BUILT_PRODUCTS_DIR; };
		715B72C8253BEDE800219F07 /* PersonalKanbanTests.swift */ = {isa = PBXFileReference; lastKnownFileType = sourcecode.swift; path = PersonalKanbanTests.swift; sourceTree = "<group>"; };
		715B72CA253BEDE800219F07 /* Info.plist */ = {isa = PBXFileReference; lastKnownFileType = text.plist.xml; path = Info.plist; sourceTree = "<group>"; };
		715B72CF253BEDE800219F07 /* PersonalKanbanUITests.xctest */ = {isa = PBXFileReference; explicitFileType = wrapper.cfbundle; includeInIndex = 0; path = PersonalKanbanUITests.xctest; sourceTree = BUILT_PRODUCTS_DIR; };
		715B72D3253BEDE800219F07 /* PersonalKanbanUITests.swift */ = {isa = PBXFileReference; lastKnownFileType = sourcecode.swift; path = PersonalKanbanUITests.swift; sourceTree = "<group>"; };
		715B72D5253BEDE800219F07 /* Info.plist */ = {isa = PBXFileReference; lastKnownFileType = text.plist.xml; path = Info.plist; sourceTree = "<group>"; };
/* End PBXFileReference section */

/* Begin PBXFrameworksBuildPhase section */
		715B72AB253BEDDE00219F07 /* Frameworks */ = {
			isa = PBXFrameworksBuildPhase;
			buildActionMask = 2147483647;
			files = (
			);
			runOnlyForDeploymentPostprocessing = 0;
		};
		715B72C1253BEDE800219F07 /* Frameworks */ = {
			isa = PBXFrameworksBuildPhase;
			buildActionMask = 2147483647;
			files = (
			);
			runOnlyForDeploymentPostprocessing = 0;
		};
		715B72CC253BEDE800219F07 /* Frameworks */ = {
			isa = PBXFrameworksBuildPhase;
			buildActionMask = 2147483647;
			files = (
			);
			runOnlyForDeploymentPostprocessing = 0;
		};
/* End PBXFrameworksBuildPhase section */

/* Begin PBXGroup section */
		715B72A5253BEDDD00219F07 = {
			isa = PBXGroup;
			children = (
				715B72B0253BEDDE00219F07 /* PersonalKanban */,
				715B72C7253BEDE800219F07 /* PersonalKanbanTests */,
				715B72D2253BEDE800219F07 /* PersonalKanbanUITests */,
				715B72AF253BEDDE00219F07 /* Products */,
			);
			sourceTree = "<group>";
		};
		715B72AF253BEDDE00219F07 /* Products */ = {
			isa = PBXGroup;
			children = (
				715B72AE253BEDDE00219F07 /* PersonalKanban.app */,
				715B72C4253BEDE800219F07 /* PersonalKanbanTests.xctest */,
				715B72CF253BEDE800219F07 /* PersonalKanbanUITests.xctest */,
			);
			name = Products;
			sourceTree = "<group>";
		};
		715B72B0253BEDDE00219F07 /* PersonalKanban */ = {
			isa = PBXGroup;
			children = (
				715B72B1253BEDDE00219F07 /* AppDelegate.swift */,
				715B72B3253BEDDE00219F07 /* SceneDelegate.swift */,
				715B72B5253BEDDE00219F07 /* MainViewController.swift */,
				715B72B7253BEDDE00219F07 /* Main.storyboard */,
				715B72BA253BEDE800219F07 /* Assets.xcassets */,
				715B72BC253BEDE800219F07 /* LaunchScreen.storyboard */,
				715B72BF253BEDE800219F07 /* Info.plist */,
			);
			path = PersonalKanban;
			sourceTree = "<group>";
		};
		715B72C7253BEDE800219F07 /* PersonalKanbanTests */ = {
			isa = PBXGroup;
			children = (
				715B72C8253BEDE800219F07 /* PersonalKanbanTests.swift */,
				715B72CA253BEDE800219F07 /* Info.plist */,
			);
			path = PersonalKanbanTests;
			sourceTree = "<group>";
		};
		715B72D2253BEDE800219F07 /* PersonalKanbanUITests */ = {
			isa = PBXGroup;
			children = (
				715B72D3253BEDE800219F07 /* PersonalKanbanUITests.swift */,
				715B72D5253BEDE800219F07 /* Info.plist */,
			);
			path = PersonalKanbanUITests;
			sourceTree = "<group>";
		};
/* End PBXGroup section */

/* Begin PBXNativeTarget section */
		715B72AD253BEDDE00219F07 /* PersonalKanban */ = {
			isa = PBXNativeTarget;
			buildConfigurationList = 715B72D8253BEDE800219F07 /* Build configuration list for PBXNativeTarget "PersonalKanban" */;
			buildPhases = (
				715B72AA253BEDDE00219F07 /* Sources */,
				715B72AB253BEDDE00219F07 /* Frameworks */,
				715B72AC253BEDDE00219F07 /* Resources */,
			);
			buildRules = (
			);
			dependencies = (
			);
			name = PersonalKanban;
			productName = PersonalKanban;
			productReference = 715B72AE253BEDDE00219F07 /* PersonalKanban.app */;
			productType = "com.apple.product-type.application";
		};
		715B72C3253BEDE800219F07 /* PersonalKanbanTests */ = {
			isa = PBXNativeTarget;
			buildConfigurationList = 715B72DB253BEDE800219F07 /* Build configuration list for PBXNativeTarget "PersonalKanbanTests" */;
			buildPhases = (
				715B72C0253BEDE800219F07 /* Sources */,
				715B72C1253BEDE800219F07 /* Frameworks */,
				715B72C2253BEDE800219F07 /* Resources */,
			);
			buildRules = (
			);
			dependencies = (
				715B72C6253BEDE800219F07 /* PBXTargetDependency */,
			);
			name = PersonalKanbanTests;
			productName = PersonalKanbanTests;
			productReference = 715B72C4253BEDE800219F07 /* PersonalKanbanTests.xctest */;
			productType = "com.apple.product-type.bundle.unit-test";
		};
		715B72CE253BEDE800219F07 /* PersonalKanbanUITests */ = {
			isa = PBXNativeTarget;
			buildConfigurationList = 715B72DE253BEDE800219F07 /* Build configuration list for PBXNativeTarget "PersonalKanbanUITests" */;
			buildPhases = (
				715B72CB253BEDE800219F07 /* Sources */,
				715B72CC253BEDE800219F07 /* Frameworks */,
				715B72CD253BEDE800219F07 /* Resources */,
			);
			buildRules = (
			);
			dependencies = (
				715B72D1253BEDE800219F07 /* PBXTargetDependency */,
			);
			name = PersonalKanbanUITests;
			productName = PersonalKanbanUITests;
			productReference = 715B72CF253BEDE800219F07 /* PersonalKanbanUITests.xctest */;
			productType = "com.apple.product-type.bundle.ui-testing";
		};
/* End PBXNativeTarget section */

/* Begin PBXProject section */
		715B72A6253BEDDD00219F07 /* Project object */ = {
			isa = PBXProject;
			attributes = {
				LastSwiftUpdateCheck = 1200;
				LastUpgradeCheck = 1200;
				TargetAttributes = {
					715B72AD253BEDDE00219F07 = {
						CreatedOnToolsVersion = 12.0.1;
					};
					715B72C3253BEDE800219F07 = {
						CreatedOnToolsVersion = 12.0.1;
						TestTargetID = 715B72AD253BEDDE00219F07;
					};
					715B72CE253BEDE800219F07 = {
						CreatedOnToolsVersion = 12.0.1;
						TestTargetID = 715B72AD253BEDDE00219F07;
					};
				};
			};
			buildConfigurationList = 715B72A9253BEDDE00219F07 /* Build configuration list for PBXProject "PersonalKanban" */;
			compatibilityVersion = "Xcode 9.3";
			developmentRegion = en;
			hasScannedForEncodings = 0;
			knownRegions = (
				en,
				Base,
			);
			mainGroup = 715B72A5253BEDDD00219F07;
			productRefGroup = 715B72AF253BEDDE00219F07 /* Products */;
			projectDirPath = "";
			projectRoot = "";
			targets = (
				715B72AD253BEDDE00219F07 /* PersonalKanban */,
				715B72C3253BEDE800219F07 /* PersonalKanbanTests */,
				715B72CE253BEDE800219F07 /* PersonalKanbanUITests */,
			);
		};
/* End PBXProject section */

/* Begin PBXResourcesBuildPhase section */
		715B72AC253BEDDE00219F07 /* Resources */ = {
			isa = PBXResourcesBuildPhase;
			buildActionMask = 2147483647;
			files = (
				715B72BE253BEDE800219F07 /* LaunchScreen.storyboard in Resources */,
				715B72BB253BEDE800219F07 /* Assets.xcassets in Resources */,
				715B72B9253BEDDE00219F07 /* Main.storyboard in Resources */,
			);
			runOnlyForDeploymentPostprocessing = 0;
		};
		715B72C2253BEDE800219F07 /* Resources */ = {
			isa = PBXResourcesBuildPhase;
			buildActionMask = 2147483647;
			files = (
			);
			runOnlyForDeploymentPostprocessing = 0;
		};
		715B72CD253BEDE800219F07 /* Resources */ = {
			isa = PBXResourcesBuildPhase;
			buildActionMask = 2147483647;
			files = (
			);
			runOnlyForDeploymentPostprocessing = 0;
		};
/* End PBXResourcesBuildPhase section */

/* Begin PBXSourcesBuildPhase section */
		715B72AA253BEDDE00219F07 /* Sources */ = {
			isa = PBXSourcesBuildPhase;
			buildActionMask = 2147483647;
			files = (
				715B72B6253BEDDE00219F07 /* MainViewController.swift in Sources */,
				715B72B2253BEDDE00219F07 /* AppDelegate.swift in Sources */,
				715B72B4253BEDDE00219F07 /* SceneDelegate.swift in Sources */,
			);
			runOnlyForDeploymentPostprocessing = 0;
		};
		715B72C0253BEDE800219F07 /* Sources */ = {
			isa = PBXSourcesBuildPhase;
			buildActionMask = 2147483647;
			files = (
				715B72C9253BEDE800219F07 /* PersonalKanbanTests.swift in Sources */,
			);
			runOnlyForDeploymentPostprocessing = 0;
		};
		715B72CB253BEDE800219F07 /* Sources */ = {
			isa = PBXSourcesBuildPhase;
			buildActionMask = 2147483647;
			files = (
				715B72D4253BEDE800219F07 /* PersonalKanbanUITests.swift in Sources */,
			);
			runOnlyForDeploymentPostprocessing = 0;
		};
/* End PBXSourcesBuildPhase section */

/* Begin PBXTargetDependency section */
		715B72C6253BEDE800219F07 /* PBXTargetDependency */ = {
			isa = PBXTargetDependency;
			target = 715B72AD253BEDDE00219F07 /* PersonalKanban */;
			targetProxy = 715B72C5253BEDE800219F07 /* PBXContainerItemProxy */;
		};
		715B72D1253BEDE800219F07 /* PBXTargetDependency */ = {
			isa = PBXTargetDependency;
			target = 715B72AD253BEDDE00219F07 /* PersonalKanban */;
			targetProxy = 715B72D0253BEDE800219F07 /* PBXContainerItemProxy */;
		};
/* End PBXTargetDependency section */

/* Begin PBXVariantGroup section */
		715B72B7253BEDDE00219F07 /* Main.storyboard */ = {
			isa = PBXVariantGroup;
			children = (
				715B72B8253BEDDE00219F07 /* Base */,
			);
			name = Main.storyboard;
			sourceTree = "<group>";
		};
		715B72BC253BEDE800219F07 /* LaunchScreen.storyboard */ = {
			isa = PBXVariantGroup;
			children = (
				715B72BD253BEDE800219F07 /* Base */,
			);
			name = LaunchScreen.storyboard;
			sourceTree = "<group>";
		};
/* End PBXVariantGroup section */

/* Begin XCBuildConfiguration section */
		715B72D6253BEDE800219F07 /* Debug */ = {
			isa = XCBuildConfiguration;
			buildSettings = {
				ALWAYS_SEARCH_USER_PATHS = NO;
				CLANG_ANALYZER_NONNULL = YES;
				CLANG_ANALYZER_NUMBER_OBJECT_CONVERSION = YES_AGGRESSIVE;
				CLANG_CXX_LANGUAGE_STANDARD = "gnu++14";
				CLANG_CXX_LIBRARY = "libc++";
				CLANG_ENABLE_MODULES = YES;
				CLANG_ENABLE_OBJC_ARC = YES;
				CLANG_ENABLE_OBJC_WEAK = YES;
				CLANG_WARN_BLOCK_CAPTURE_AUTORELEASING = YES;
				CLANG_WARN_BOOL_CONVERSION = YES;
				CLANG_WARN_COMMA = YES;
				CLANG_WARN_CONSTANT_CONVERSION = YES;
				CLANG_WARN_DEPRECATED_OBJC_IMPLEMENTATIONS = YES;
				CLANG_WARN_DIRECT_OBJC_ISA_USAGE = YES_ERROR;
				CLANG_WARN_DOCUMENTATION_COMMENTS = YES;
				CLANG_WARN_EMPTY_BODY = YES;
				CLANG_WARN_ENUM_CONVERSION = YES;
				CLANG_WARN_INFINITE_RECURSION = YES;
				CLANG_WARN_INT_CONVERSION = YES;
				CLANG_WARN_NON_LITERAL_NULL_CONVERSION = YES;
				CLANG_WARN_OBJC_IMPLICIT_RETAIN_SELF = YES;
				CLANG_WARN_OBJC_LITERAL_CONVERSION = YES;
				CLANG_WARN_OBJC_ROOT_CLASS = YES_ERROR;
				CLANG_WARN_QUOTED_INCLUDE_IN_FRAMEWORK_HEADER = YES;
				CLANG_WARN_RANGE_LOOP_ANALYSIS = YES;
				CLANG_WARN_STRICT_PROTOTYPES = YES;
				CLANG_WARN_SUSPICIOUS_MOVE = YES;
				CLANG_WARN_UNGUARDED_AVAILABILITY = YES_AGGRESSIVE;
				CLANG_WARN_UNREACHABLE_CODE = YES;
				CLANG_WARN__DUPLICATE_METHOD_MATCH = YES;
				COPY_PHASE_STRIP = NO;
				DEBUG_INFORMATION_FORMAT = dwarf;
				ENABLE_STRICT_OBJC_MSGSEND = YES;
				ENABLE_TESTABILITY = YES;
				GCC_C_LANGUAGE_STANDARD = gnu11;
				GCC_DYNAMIC_NO_PIC = NO;
				GCC_NO_COMMON_BLOCKS = YES;
				GCC_OPTIMIZATION_LEVEL = 0;
				GCC_PREPROCESSOR_DEFINITIONS = (
					"DEBUG=1",
					"$(inherited)",
				);
				GCC_WARN_64_TO_32_BIT_CONVERSION = YES;
				GCC_WARN_ABOUT_RETURN_TYPE = YES_ERROR;
				GCC_WARN_UNDECLARED_SELECTOR = YES;
				GCC_WARN_UNINITIALIZED_AUTOS = YES_AGGRESSIVE;
				GCC_WARN_UNUSED_FUNCTION = YES;
				GCC_WARN_UNUSED_VARIABLE = YES;
				IPHONEOS_DEPLOYMENT_TARGET = 14.0;
				MTL_ENABLE_DEBUG_INFO = INCLUDE_SOURCE;
				MTL_FAST_MATH = YES;
				ONLY_ACTIVE_ARCH = YES;
				SDKROOT = iphoneos;
				SWIFT_ACTIVE_COMPILATION_CONDITIONS = DEBUG;
				SWIFT_OPTIMIZATION_LEVEL = "-Onone";
			};
			name = Debug;
		};
		715B72D7253BEDE800219F07 /* Release */ = {
			isa = XCBuildConfiguration;
			buildSettings = {
				ALWAYS_SEARCH_USER_PATHS = NO;
				CLANG_ANALYZER_NONNULL = YES;
				CLANG_ANALYZER_NUMBER_OBJECT_CONVERSION = YES_AGGRESSIVE;
				CLANG_CXX_LANGUAGE_STANDARD = "gnu++14";
				CLANG_CXX_LIBRARY = "libc++";
				CLANG_ENABLE_MODULES = YES;
				CLANG_ENABLE_OBJC_ARC = YES;
				CLANG_ENABLE_OBJC_WEAK = YES;
				CLANG_WARN_BLOCK_CAPTURE_AUTORELEASING = YES;
				CLANG_WARN_BOOL_CONVERSION = YES;
				CLANG_WARN_COMMA = YES;
				CLANG_WARN_CONSTANT_CONVERSION = YES;
				CLANG_WARN_DEPRECATED_OBJC_IMPLEMENTATIONS = YES;
				CLANG_WARN_DIRECT_OBJC_ISA_USAGE = YES_ERROR;
				CLANG_WARN_DOCUMENTATION_COMMENTS = YES;
				CLANG_WARN_EMPTY_BODY = YES;
				CLANG_WARN_ENUM_CONVERSION = YES;
				CLANG_WARN_INFINITE_RECURSION = YES;
				CLANG_WARN_INT_CONVERSION = YES;
				CLANG_WARN_NON_LITERAL_NULL_CONVERSION = YES;
				CLANG_WARN_OBJC_IMPLICIT_RETAIN_SELF = YES;
				CLANG_WARN_OBJC_LITERAL_CONVERSION = YES;
				CLANG_WARN_OBJC_ROOT_CLASS = YES_ERROR;
				CLANG_WARN_QUOTED_INCLUDE_IN_FRAMEWORK_HEADER = YES;
				CLANG_WARN_RANGE_LOOP_ANALYSIS = YES;
				CLANG_WARN_STRICT_PROTOTYPES = YES;
				CLANG_WARN_SUSPICIOUS_MOVE = YES;
				CLANG_WARN_UNGUARDED_AVAILABILITY = YES_AGGRESSIVE;
				CLANG_WARN_UNREACHABLE_CODE = YES;
				CLANG_WARN__DUPLICATE_METHOD_MATCH = YES;
				COPY_PHASE_STRIP = NO;
				DEBUG_INFORMATION_FORMAT = "dwarf-with-dsym";
				ENABLE_NS_ASSERTIONS = NO;
				ENABLE_STRICT_OBJC_MSGSEND = YES;
				GCC_C_LANGUAGE_STANDARD = gnu11;
				GCC_NO_COMMON_BLOCKS = YES;
				GCC_WARN_64_TO_32_BIT_CONVERSION = YES;
				GCC_WARN_ABOUT_RETURN_TYPE = YES_ERROR;
				GCC_WARN_UNDECLARED_SELECTOR = YES;
				GCC_WARN_UNINITIALIZED_AUTOS = YES_AGGRESSIVE;
				GCC_WARN_UNUSED_FUNCTION = YES;
				GCC_WARN_UNUSED_VARIABLE = YES;
				IPHONEOS_DEPLOYMENT_TARGET = 14.0;
				MTL_ENABLE_DEBUG_INFO = NO;
				MTL_FAST_MATH = YES;
				SDKROOT = iphoneos;
				SWIFT_COMPILATION_MODE = wholemodule;
				SWIFT_OPTIMIZATION_LEVEL = "-O";
				VALIDATE_PRODUCT = YES;
			};
			name = Release;
		};
		715B72D9253BEDE800219F07 /* Debug */ = {
			isa = XCBuildConfiguration;
			buildSettings = {
				ASSETCATALOG_COMPILER_APPICON_NAME = AppIcon;
				ASSETCATALOG_COMPILER_GLOBAL_ACCENT_COLOR_NAME = AccentColor;
				CODE_SIGN_STYLE = Automatic;
				DEVELOPMENT_TEAM = L34A7YSYGT;
				INFOPLIST_FILE = PersonalKanban/Info.plist;
				LD_RUNPATH_SEARCH_PATHS = (
					"$(inherited)",
					"@executable_path/Frameworks",
				);
				PRODUCT_BUNDLE_IDENTIFIER = com.hunterbuxton.PersonalKanban;
				PRODUCT_NAME = "$(TARGET_NAME)";
				SWIFT_VERSION = 5.0;
				TARGETED_DEVICE_FAMILY = "1,2";
			};
			name = Debug;
		};
		715B72DA253BEDE800219F07 /* Release */ = {
			isa = XCBuildConfiguration;
			buildSettings = {
				ASSETCATALOG_COMPILER_APPICON_NAME = AppIcon;
				ASSETCATALOG_COMPILER_GLOBAL_ACCENT_COLOR_NAME = AccentColor;
				CODE_SIGN_STYLE = Automatic;
				DEVELOPMENT_TEAM = L34A7YSYGT;
				INFOPLIST_FILE = PersonalKanban/Info.plist;
				LD_RUNPATH_SEARCH_PATHS = (
					"$(inherited)",
					"@executable_path/Frameworks",
				);
				PRODUCT_BUNDLE_IDENTIFIER = com.hunterbuxton.PersonalKanban;
				PRODUCT_NAME = "$(TARGET_NAME)";
				SWIFT_VERSION = 5.0;
				TARGETED_DEVICE_FAMILY = "1,2";
			};
			name = Release;
		};
		715B72DC253BEDE800219F07 /* Debug */ = {
			isa = XCBuildConfiguration;
			buildSettings = {
				ALWAYS_EMBED_SWIFT_STANDARD_LIBRARIES = YES;
				BUNDLE_LOADER = "$(TEST_HOST)";
				CODE_SIGN_STYLE = Automatic;
				DEVELOPMENT_TEAM = L34A7YSYGT;
				INFOPLIST_FILE = PersonalKanbanTests/Info.plist;
				IPHONEOS_DEPLOYMENT_TARGET = 14.0;
				LD_RUNPATH_SEARCH_PATHS = (
					"$(inherited)",
					"@executable_path/Frameworks",
					"@loader_path/Frameworks",
				);
				PRODUCT_BUNDLE_IDENTIFIER = com.hunterbuxton.PersonalKanbanTests;
				PRODUCT_NAME = "$(TARGET_NAME)";
				SWIFT_VERSION = 5.0;
				TARGETED_DEVICE_FAMILY = "1,2";
				TEST_HOST = "$(BUILT_PRODUCTS_DIR)/PersonalKanban.app/PersonalKanban";
			};
			name = Debug;
		};
		715B72DD253BEDE800219F07 /* Release */ = {
			isa = XCBuildConfiguration;
			buildSettings = {
				ALWAYS_EMBED_SWIFT_STANDARD_LIBRARIES = YES;
				BUNDLE_LOADER = "$(TEST_HOST)";
				CODE_SIGN_STYLE = Automatic;
				DEVELOPMENT_TEAM = L34A7YSYGT;
				INFOPLIST_FILE = PersonalKanbanTests/Info.plist;
				IPHONEOS_DEPLOYMENT_TARGET = 14.0;
				LD_RUNPATH_SEARCH_PATHS = (
					"$(inherited)",
					"@executable_path/Frameworks",
					"@loader_path/Frameworks",
				);
				PRODUCT_BUNDLE_IDENTIFIER = com.hunterbuxton.PersonalKanbanTests;
				PRODUCT_NAME = "$(TARGET_NAME)";
				SWIFT_VERSION = 5.0;
				TARGETED_DEVICE_FAMILY = "1,2";
				TEST_HOST = "$(BUILT_PRODUCTS_DIR)/PersonalKanban.app/PersonalKanban";
			};
			name = Release;
		};
		715B72DF253BEDE800219F07 /* Debug */ = {
			isa = XCBuildConfiguration;
			buildSettings = {
				ALWAYS_EMBED_SWIFT_STANDARD_LIBRARIES = YES;
				CODE_SIGN_STYLE = Automatic;
				DEVELOPMENT_TEAM = L34A7YSYGT;
				INFOPLIST_FILE = PersonalKanbanUITests/Info.plist;
				LD_RUNPATH_SEARCH_PATHS = (
					"$(inherited)",
					"@executable_path/Frameworks",
					"@loader_path/Frameworks",
				);
				PRODUCT_BUNDLE_IDENTIFIER = com.hunterbuxton.PersonalKanbanUITests;
				PRODUCT_NAME = "$(TARGET_NAME)";
				SWIFT_VERSION = 5.0;
				TARGETED_DEVICE_FAMILY = "1,2";
				TEST_TARGET_NAME = PersonalKanban;
			};
			name = Debug;
		};
		715B72E0253BEDE800219F07 /* Release */ = {
			isa = XCBuildConfiguration;
			buildSettings = {
				ALWAYS_EMBED_SWIFT_STANDARD_LIBRARIES = YES;
				CODE_SIGN_STYLE = Automatic;
				DEVELOPMENT_TEAM = L34A7YSYGT;
				INFOPLIST_FILE = PersonalKanbanUITests/Info.plist;
				LD_RUNPATH_SEARCH_PATHS = (
					"$(inherited)",
					"@executable_path/Frameworks",
					"@loader_path/Frameworks",
				);
				PRODUCT_BUNDLE_IDENTIFIER = com.hunterbuxton.PersonalKanbanUITests;
				PRODUCT_NAME = "$(TARGET_NAME)";
				SWIFT_VERSION = 5.0;
				TARGETED_DEVICE_FAMILY = "1,2";
				TEST_TARGET_NAME = PersonalKanban;
			};
			name = Release;
		};
/* End XCBuildConfiguration section */

/* Begin XCConfigurationList section */
		715B72A9253BEDDE00219F07 /* Build configuration list for PBXProject "PersonalKanban" */ = {
			isa = XCConfigurationList;
			buildConfigurations = (
				715B72D6253BEDE800219F07 /* Debug */,
				715B72D7253BEDE800219F07 /* Release */,
			);
			defaultConfigurationIsVisible = 0;
			defaultConfigurationName = Release;
		};
		715B72D8253BEDE800219F07 /* Build configuration list for PBXNativeTarget "PersonalKanban" */ = {
			isa = XCConfigurationList;
			buildConfigurations = (
				715B72D9253BEDE800219F07 /* Debug */,
				715B72DA253BEDE800219F07 /* Release */,
			);
			defaultConfigurationIsVisible = 0;
			defaultConfigurationName = Release;
		};
		715B72DB253BEDE800219F07 /* Build configuration list for PBXNativeTarget "PersonalKanbanTests" */ = {
			isa = XCConfigurationList;
			buildConfigurations = (
				715B72DC253BEDE800219F07 /* Debug */,
				715B72DD253BEDE800219F07 /* Release */,
			);
			defaultConfigurationIsVisible = 0;
			defaultConfigurationName = Release;
		};
		715B72DE253BEDE800219F07 /* Build configuration list for PBXNativeTarget "PersonalKanbanUITests" */ = {
			isa = XCConfigurationList;
			buildConfigurations = (
				715B72DF253BEDE800219F07 /* Debug */,
				715B72E0253BEDE800219F07 /* Release */,
			);
			defaultConfigurationIsVisible = 0;
			defaultConfigurationName = Release;
		};
/* End XCConfigurationList section */
	};
	rootObject = 715B72A6253BEDDD00219F07 /* Project object */;
}
